
Microsoft Visual Studio Solution File, Format Version 12.00
# Visual Studio Version 16
VisualStudioVersion = 16.0.31515.178
MinimumVisualStudioVersion = 10.0.40219.1
Project("{FAE04EC0-301F-11D3-BF4B-00C04F79EFBC}") = "Couriers_Upgrade", "Couriers_Upgrade\Couriers_Upgrade.csproj", "{45375ED9-FFC3-4A1B-8AED-EBDDAFAA82CB}"
EndProject
Global
	GlobalSection(SolutionConfigurationPlatforms) = preSolution
		Debug|Any CPU = Debug|Any CPU
		Release|Any CPU = Release|Any CPU
	EndGlobalSection
	GlobalSection(ProjectConfigurationPlatforms) = postSolution
		{45375ED9-FFC3-4A1B-8AED-EBDDAFAA82CB}.Debug|Any CPU.ActiveCfg = Debug|Any CPU
		{45375ED9-FFC3-4A1B-8AED-EBDDAFAA82CB}.Debug|Any CPU.Build.0 = Debug|Any CPU
		{45375ED9-FFC3-4A1B-8AED-EBDDAFAA82CB}.Release|Any CPU.ActiveCfg = Release|Any CPU
		{45375ED9-FFC3-4A1B-8AED-EBDDAFAA82CB}.Release|Any CPU.Build.0 = Release|Any CPU
	EndGlobalSection
	GlobalSection(SolutionProperties) = preSolution
		HideSolutionNode = FALSE
	EndGlobalSection
	GlobalSection(ExtensibilityGlobals) = postSolution
		SolutionGuid = {490D3F1E-2191-4213-8083-C36F0D13A7DE}
	EndGlobalSection
EndGlobal
